
Microsoft Visual Studio Solution File, Format Version 12.00
# Visual Studio Version 17
VisualStudioVersion = 17.7.34202.233
MinimumVisualStudioVersion = 10.0.40219.1
Project("{FAE04EC0-301F-11D3-BF4B-00C04F79EFBC}") = "VersaVisual", "VersaVisual\VersaVisual.csproj", "{3DF739EA-F65A-4FD5-A132-6F498B8EFBAC}"
EndProject
Global
	GlobalSection(SolutionConfigurationPlatforms) = preSolution
		Debug|Any CPU = Debug|Any CPU
		Release|Any CPU = Release|Any CPU
	EndGlobalSection
	GlobalSection(ProjectConfigurationPlatforms) = postSolution
		{3DF739EA-F65A-4FD5-A132-6F498B8EFBAC}.Debug|Any CPU.ActiveCfg = Debug|Any CPU
		{3DF739EA-F65A-4FD5-A132-6F498B8EFBAC}.Debug|Any CPU.Build.0 = Debug|Any CPU
		{3DF739EA-F65A-4FD5-A132-6F498B8EFBAC}.Release|Any CPU.ActiveCfg = Release|Any CPU
		{3DF739EA-F65A-4FD5-A132-6F498B8EFBAC}.Release|Any CPU.Build.0 = Release|Any CPU
	EndGlobalSection
	GlobalSection(SolutionProperties) = preSolution
		HideSolutionNode = FALSE
	EndGlobalSection
	GlobalSection(ExtensibilityGlobals) = postSolution
		SolutionGuid = {3A3FC4D1-4C67-44BB-A7BF-81E6A5412D13}
	EndGlobalSection
EndGlobal
